// !$*UTF8*$!
{
	archiveVersion = 1;
	classes = {
	};
	objectVersion = 46;
	objects = {

/* Begin PBXBuildFile section */
		83C0D90218D5EA2E0052E3B3 /* Foundation.framework in Frameworks */ = {isa = PBXBuildFile; fileRef = 83C0D90118D5EA2E0052E3B3 /* Foundation.framework */; };
		83C0D90418D5EA2E0052E3B3 /* CoreGraphics.framework in Frameworks */ = {isa = PBXBuildFile; fileRef = 83C0D90318D5EA2E0052E3B3 /* CoreGraphics.framework */; };
		83C0D90618D5EA2E0052E3B3 /* UIKit.framework in Frameworks */ = {isa = PBXBuildFile; fileRef = 83C0D90518D5EA2E0052E3B3 /* UIKit.framework */; };
		83C0D90C18D5EA2E0052E3B3 /* InfoPlist.strings in Resources */ = {isa = PBXBuildFile; fileRef = 83C0D90A18D5EA2E0052E3B3 /* InfoPlist.strings */; };
		83C0D90E18D5EA2E0052E3B3 /* main.m in Sources */ = {isa = PBXBuildFile; fileRef = 83C0D90D18D5EA2E0052E3B3 /* main.m */; };
		83C0D91218D5EA2E0052E3B3 /* AppDelegate.m in Sources */ = {isa = PBXBuildFile; fileRef = 83C0D91118D5EA2E0052E3B3 /* AppDelegate.m */; };
		83C0D91A18D5EA2E0052E3B3 /* Images.xcassets in Resources */ = {isa = PBXBuildFile; fileRef = 83C0D91918D5EA2E0052E3B3 /* Images.xcassets */; };
		83C0D92118D5EA2E0052E3B3 /* XCTest.framework in Frameworks */ = {isa = PBXBuildFile; fileRef = 83C0D92018D5EA2E0052E3B3 /* XCTest.framework */; };
		83C0D92218D5EA2E0052E3B3 /* Foundation.framework in Frameworks */ = {isa = PBXBuildFile; fileRef = 83C0D90118D5EA2E0052E3B3 /* Foundation.framework */; };
		83C0D92318D5EA2E0052E3B3 /* UIKit.framework in Frameworks */ = {isa = PBXBuildFile; fileRef = 83C0D90518D5EA2E0052E3B3 /* UIKit.framework */; };
		83C0D92B18D5EA2E0052E3B3 /* InfoPlist.strings in Resources */ = {isa = PBXBuildFile; fileRef = 83C0D92918D5EA2E0052E3B3 /* InfoPlist.strings */; };
		83C0D92D18D5EA2E0052E3B3 /* IntentionsTests.m in Sources */ = {isa = PBXBuildFile; fileRef = 83C0D92C18D5EA2E0052E3B3 /* IntentionsTests.m */; };
		AF57940C19DD54C800299E1A /* Person.m in Sources */ = {isa = PBXBuildFile; fileRef = AF57940B19DD54C800299E1A /* Person.m */; };
		AF57941219DD54D500299E1A /* LoginViewController.m in Sources */ = {isa = PBXBuildFile; fileRef = AF57940F19DD54D500299E1A /* LoginViewController.m */; };
		AF57941319DD54D500299E1A /* ViewController.m in Sources */ = {isa = PBXBuildFile; fileRef = AF57941119DD54D500299E1A /* ViewController.m */; };
		AF57941619DD54DE00299E1A /* Main.storyboard in Resources */ = {isa = PBXBuildFile; fileRef = AF57941419DD54DE00299E1A /* Main.storyboard */; };
		AF57941E19DD54EA00299E1A /* AbstractViewModel.m in Sources */ = {isa = PBXBuildFile; fileRef = AF57941919DD54EA00299E1A /* AbstractViewModel.m */; };
		AF57941F19DD54EA00299E1A /* ModelContainer.m in Sources */ = {isa = PBXBuildFile; fileRef = AF57941B19DD54EA00299E1A /* ModelContainer.m */; };
		AF57942019DD54EA00299E1A /* PersonViewModel.m in Sources */ = {isa = PBXBuildFile; fileRef = AF57941D19DD54EA00299E1A /* PersonViewModel.m */; };
		AF57943019DD54F600299E1A /* DismissOnEnterIntention.m in Sources */ = {isa = PBXBuildFile; fileRef = AF57942319DD54F600299E1A /* DismissOnEnterIntention.m */; };
		AF57943119DD54F600299E1A /* LoginIntention.m in Sources */ = {isa = PBXBuildFile; fileRef = AF57942519DD54F600299E1A /* LoginIntention.m */; };
		AF57943219DD54F600299E1A /* MultiplexerProxyBehaviour.m in Sources */ = {isa = PBXBuildFile; fileRef = AF57942719DD54F600299E1A /* MultiplexerProxyBehaviour.m */; };
		AF57943319DD54F600299E1A /* ObserveIntention.m in Sources */ = {isa = PBXBuildFile; fileRef = AF57942919DD54F600299E1A /* ObserveIntention.m */; };
		AF57943419DD54F600299E1A /* ReverseIntention.m in Sources */ = {isa = PBXBuildFile; fileRef = AF57942B19DD54F600299E1A /* ReverseIntention.m */; };
		AF57943519DD54F600299E1A /* UITextFieldTextObserveIntention.m in Sources */ = {isa = PBXBuildFile; fileRef = AF57942D19DD54F600299E1A /* UITextFieldTextObserveIntention.m */; };
		AF57943619DD54F600299E1A /* UppercaseIntention.m in Sources */ = {isa = PBXBuildFile; fileRef = AF57942F19DD54F600299E1A /* UppercaseIntention.m */; };
		AF57943A19DD550000299E1A /* NSString+Reverse.m in Sources */ = {isa = PBXBuildFile; fileRef = AF57943919DD550000299E1A /* NSString+Reverse.m */; };
/* End PBXBuildFile section */

/* Begin PBXContainerItemProxy section */
		83C0D92418D5EA2E0052E3B3 /* PBXContainerItemProxy */ = {
			isa = PBXContainerItemProxy;
			containerPortal = 83C0D8F618D5EA2E0052E3B3 /* Project object */;
			proxyType = 1;
			remoteGlobalIDString = 83C0D8FD18D5EA2E0052E3B3;
			remoteInfo = Intentions;
		};
/* End PBXContainerItemProxy section */

/* Begin PBXFileReference section */
		83C0D8FE18D5EA2E0052E3B3 /* Intentions.app */ = {isa = PBXFileReference; explicitFileType = wrapper.application; includeInIndex = 0; path = Intentions.app; sourceTree = BUILT_PRODUCTS_DIR; };
		83C0D90118D5EA2E0052E3B3 /* Foundation.framework */ = {isa = PBXFileReference; lastKnownFileType = wrapper.framework; name = Foundation.framework; path = System/Library/Frameworks/Foundation.framework; sourceTree = SDKROOT; };
		83C0D90318D5EA2E0052E3B3 /* CoreGraphics.framework */ = {isa = PBXFileReference; lastKnownFileType = wrapper.framework; name = CoreGraphics.framework; path = System/Library/Frameworks/CoreGraphics.framework; sourceTree = SDKROOT; };
		83C0D90518D5EA2E0052E3B3 /* UIKit.framework */ = {isa = PBXFileReference; lastKnownFileType = wrapper.framework; name = UIKit.framework; path = System/Library/Frameworks/UIKit.framework; sourceTree = SDKROOT; };
		83C0D90918D5EA2E0052E3B3 /* Intentions-Info.plist */ = {isa = PBXFileReference; lastKnownFileType = text.plist.xml; path = "Intentions-Info.plist"; sourceTree = "<group>"; };
		83C0D90B18D5EA2E0052E3B3 /* en */ = {isa = PBXFileReference; lastKnownFileType = text.plist.strings; name = en; path = en.lproj/InfoPlist.strings; sourceTree = "<group>"; };
		83C0D90D18D5EA2E0052E3B3 /* main.m */ = {isa = PBXFileReference; lastKnownFileType = sourcecode.c.objc; path = main.m; sourceTree = "<group>"; };
		83C0D90F18D5EA2E0052E3B3 /* Intentions-Prefix.pch */ = {isa = PBXFileReference; lastKnownFileType = sourcecode.c.h; path = "Intentions-Prefix.pch"; sourceTree = "<group>"; };
		83C0D91018D5EA2E0052E3B3 /* AppDelegate.h */ = {isa = PBXFileReference; lastKnownFileType = sourcecode.c.h; path = AppDelegate.h; sourceTree = "<group>"; };
		83C0D91118D5EA2E0052E3B3 /* AppDelegate.m */ = {isa = PBXFileReference; lastKnownFileType = sourcecode.c.objc; path = AppDelegate.m; sourceTree = "<group>"; };
		83C0D91918D5EA2E0052E3B3 /* Images.xcassets */ = {isa = PBXFileReference; lastKnownFileType = folder.assetcatalog; path = Images.xcassets; sourceTree = "<group>"; };
		83C0D91F18D5EA2E0052E3B3 /* IntentionsTests.xctest */ = {isa = PBXFileReference; explicitFileType = wrapper.cfbundle; includeInIndex = 0; path = IntentionsTests.xctest; sourceTree = BUILT_PRODUCTS_DIR; };
		83C0D92018D5EA2E0052E3B3 /* XCTest.framework */ = {isa = PBXFileReference; lastKnownFileType = wrapper.framework; name = XCTest.framework; path = Library/Frameworks/XCTest.framework; sourceTree = DEVELOPER_DIR; };
		83C0D92818D5EA2E0052E3B3 /* IntentionsTests-Info.plist */ = {isa = PBXFileReference; lastKnownFileType = text.plist.xml; path = "IntentionsTests-Info.plist"; sourceTree = "<group>"; };
		83C0D92A18D5EA2E0052E3B3 /* en */ = {isa = PBXFileReference; lastKnownFileType = text.plist.strings; name = en; path = en.lproj/InfoPlist.strings; sourceTree = "<group>"; };
		83C0D92C18D5EA2E0052E3B3 /* IntentionsTests.m */ = {isa = PBXFileReference; lastKnownFileType = sourcecode.c.objc; path = IntentionsTests.m; sourceTree = "<group>"; };
		AF57940A19DD54C800299E1A /* Person.h */ = {isa = PBXFileReference; fileEncoding = 4; lastKnownFileType = sourcecode.c.h; path = Person.h; sourceTree = "<group>"; };
		AF57940B19DD54C800299E1A /* Person.m */ = {isa = PBXFileReference; fileEncoding = 4; lastKnownFileType = sourcecode.c.objc; path = Person.m; sourceTree = "<group>"; };
		AF57940E19DD54D500299E1A /* LoginViewController.h */ = {isa = PBXFileReference; fileEncoding = 4; lastKnownFileType = sourcecode.c.h; path = LoginViewController.h; sourceTree = "<group>"; };
		AF57940F19DD54D500299E1A /* LoginViewController.m */ = {isa = PBXFileReference; fileEncoding = 4; lastKnownFileType = sourcecode.c.objc; path = LoginViewController.m; sourceTree = "<group>"; };
		AF57941019DD54D500299E1A /* ViewController.h */ = {isa = PBXFileReference; fileEncoding = 4; lastKnownFileType = sourcecode.c.h; path = ViewController.h; sourceTree = "<group>"; };
		AF57941119DD54D500299E1A /* ViewController.m */ = {isa = PBXFileReference; fileEncoding = 4; lastKnownFileType = sourcecode.c.objc; path = ViewController.m; sourceTree = "<group>"; };
		AF57941519DD54DE00299E1A /* Base */ = {isa = PBXFileReference; lastKnownFileType = file.storyboard; name = Base; path = Intentions/Base.lproj/Main.storyboard; sourceTree = SOURCE_ROOT; };
		AF57941819DD54EA00299E1A /* AbstractViewModel.h */ = {isa = PBXFileReference; fileEncoding = 4; lastKnownFileType = sourcecode.c.h; path = AbstractViewModel.h; sourceTree = "<group>"; };
		AF57941919DD54EA00299E1A /* AbstractViewModel.m */ = {isa = PBXFileReference; fileEncoding = 4; lastKnownFileType = sourcecode.c.objc; path = AbstractViewModel.m; sourceTree = "<group>"; };
		AF57941A19DD54EA00299E1A /* ModelContainer.h */ = {isa = PBXFileReference; fileEncoding = 4; lastKnownFileType = sourcecode.c.h; path = ModelContainer.h; sourceTree = "<group>"; };
		AF57941B19DD54EA00299E1A /* ModelContainer.m */ = {isa = PBXFileReference; fileEncoding = 4; lastKnownFileType = sourcecode.c.objc; path = ModelContainer.m; sourceTree = "<group>"; };
		AF57941C19DD54EA00299E1A /* PersonViewModel.h */ = {isa = PBXFileReference; fileEncoding = 4; lastKnownFileType = sourcecode.c.h; path = PersonViewModel.h; sourceTree = "<group>"; };
		AF57941D19DD54EA00299E1A /* PersonViewModel.m */ = {isa = PBXFileReference; fileEncoding = 4; lastKnownFileType = sourcecode.c.objc; path = PersonViewModel.m; sourceTree = "<group>"; };
		AF57942219DD54F600299E1A /* DismissOnEnterIntention.h */ = {isa = PBXFileReference; fileEncoding = 4; lastKnownFileType = sourcecode.c.h; path = DismissOnEnterIntention.h; sourceTree = "<group>"; };
		AF57942319DD54F600299E1A /* DismissOnEnterIntention.m */ = {isa = PBXFileReference; fileEncoding = 4; lastKnownFileType = sourcecode.c.objc; path = DismissOnEnterIntention.m; sourceTree = "<group>"; };
		AF57942419DD54F600299E1A /* LoginIntention.h */ = {isa = PBXFileReference; fileEncoding = 4; lastKnownFileType = sourcecode.c.h; path = LoginIntention.h; sourceTree = "<group>"; };
		AF57942519DD54F600299E1A /* LoginIntention.m */ = {isa = PBXFileReference; fileEncoding = 4; lastKnownFileType = sourcecode.c.objc; path = LoginIntention.m; sourceTree = "<group>"; };
		AF57942619DD54F600299E1A /* MultiplexerProxyBehaviour.h */ = {isa = PBXFileReference; fileEncoding = 4; lastKnownFileType = sourcecode.c.h; path = MultiplexerProxyBehaviour.h; sourceTree = "<group>"; };
		AF57942719DD54F600299E1A /* MultiplexerProxyBehaviour.m */ = {isa = PBXFileReference; fileEncoding = 4; lastKnownFileType = sourcecode.c.objc; path = MultiplexerProxyBehaviour.m; sourceTree = "<group>"; };
		AF57942819DD54F600299E1A /* ObserveIntention.h */ = {isa = PBXFileReference; fileEncoding = 4; lastKnownFileType = sourcecode.c.h; path = ObserveIntention.h; sourceTree = "<group>"; };
		AF57942919DD54F600299E1A /* ObserveIntention.m */ = {isa = PBXFileReference; fileEncoding = 4; lastKnownFileType = sourcecode.c.objc; path = ObserveIntention.m; sourceTree = "<group>"; };
		AF57942A19DD54F600299E1A /* ReverseIntention.h */ = {isa = PBXFileReference; fileEncoding = 4; lastKnownFileType = sourcecode.c.h; path = ReverseIntention.h; sourceTree = "<group>"; };
		AF57942B19DD54F600299E1A /* ReverseIntention.m */ = {isa = PBXFileReference; fileEncoding = 4; lastKnownFileType = sourcecode.c.objc; path = ReverseIntention.m; sourceTree = "<group>"; };
		AF57942C19DD54F600299E1A /* UITextFieldTextObserveIntention.h */ = {isa = PBXFileReference; fileEncoding = 4; lastKnownFileType = sourcecode.c.h; path = UITextFieldTextObserveIntention.h; sourceTree = "<group>"; };
		AF57942D19DD54F600299E1A /* UITextFieldTextObserveIntention.m */ = {isa = PBXFileReference; fileEncoding = 4; lastKnownFileType = sourcecode.c.objc; path = UITextFieldTextObserveIntention.m; sourceTree = "<group>"; };
		AF57942E19DD54F600299E1A /* UppercaseIntention.h */ = {isa = PBXFileReference; fileEncoding = 4; lastKnownFileType = sourcecode.c.h; path = UppercaseIntention.h; sourceTree = "<group>"; };
		AF57942F19DD54F600299E1A /* UppercaseIntention.m */ = {isa = PBXFileReference; fileEncoding = 4; lastKnownFileType = sourcecode.c.objc; path = UppercaseIntention.m; sourceTree = "<group>"; };
		AF57943819DD550000299E1A /* NSString+Reverse.h */ = {isa = PBXFileReference; fileEncoding = 4; lastKnownFileType = sourcecode.c.h; path = "NSString+Reverse.h"; sourceTree = "<group>"; };
		AF57943919DD550000299E1A /* NSString+Reverse.m */ = {isa = PBXFileReference; fileEncoding = 4; lastKnownFileType = sourcecode.c.objc; path = "NSString+Reverse.m"; sourceTree = "<group>"; };
/* End PBXFileReference section */

/* Begin PBXFrameworksBuildPhase section */
		83C0D8FB18D5EA2E0052E3B3 /* Frameworks */ = {
			isa = PBXFrameworksBuildPhase;
			buildActionMask = 2147483647;
			files = (
				83C0D90418D5EA2E0052E3B3 /* CoreGraphics.framework in Frameworks */,
				83C0D90618D5EA2E0052E3B3 /* UIKit.framework in Frameworks */,
				83C0D90218D5EA2E0052E3B3 /* Foundation.framework in Frameworks */,
			);
			runOnlyForDeploymentPostprocessing = 0;
		};
		83C0D91C18D5EA2E0052E3B3 /* Frameworks */ = {
			isa = PBXFrameworksBuildPhase;
			buildActionMask = 2147483647;
			files = (
				83C0D92118D5EA2E0052E3B3 /* XCTest.framework in Frameworks */,
				83C0D92318D5EA2E0052E3B3 /* UIKit.framework in Frameworks */,
				83C0D92218D5EA2E0052E3B3 /* Foundation.framework in Frameworks */,
			);
			runOnlyForDeploymentPostprocessing = 0;
		};
/* End PBXFrameworksBuildPhase section */

/* Begin PBXGroup section */
		83C0D8F518D5EA2E0052E3B3 = {
			isa = PBXGroup;
			children = (
				83C0D90718D5EA2E0052E3B3 /* Intentions */,
				83C0D92618D5EA2E0052E3B3 /* IntentionsTests */,
				83C0D90018D5EA2E0052E3B3 /* Frameworks */,
				83C0D8FF18D5EA2E0052E3B3 /* Products */,
			);
			sourceTree = "<group>";
		};
		83C0D8FF18D5EA2E0052E3B3 /* Products */ = {
			isa = PBXGroup;
			children = (
				83C0D8FE18D5EA2E0052E3B3 /* Intentions.app */,
				83C0D91F18D5EA2E0052E3B3 /* IntentionsTests.xctest */,
			);
			name = Products;
			sourceTree = "<group>";
		};
		83C0D90018D5EA2E0052E3B3 /* Frameworks */ = {
			isa = PBXGroup;
			children = (
				83C0D90118D5EA2E0052E3B3 /* Foundation.framework */,
				83C0D90318D5EA2E0052E3B3 /* CoreGraphics.framework */,
				83C0D90518D5EA2E0052E3B3 /* UIKit.framework */,
				83C0D92018D5EA2E0052E3B3 /* XCTest.framework */,
			);
			name = Frameworks;
			sourceTree = "<group>";
		};
		83C0D90718D5EA2E0052E3B3 /* Intentions */ = {
			isa = PBXGroup;
			children = (
				AF57940919DD54C800299E1A /* Model */,
				AF57940D19DD54D500299E1A /* View */,
				AF57941719DD54EA00299E1A /* ViewModel */,
				AF57942119DD54F600299E1A /* Intention */,
				AF57943719DD550000299E1A /* Helper */,
				83C0D90818D5EA2E0052E3B3 /* Supporting Files */,
			);
			path = Intentions;
			sourceTree = "<group>";
		};
		83C0D90818D5EA2E0052E3B3 /* Supporting Files */ = {
			isa = PBXGroup;
			children = (
				83C0D91918D5EA2E0052E3B3 /* Images.xcassets */,
				83C0D91018D5EA2E0052E3B3 /* AppDelegate.h */,
				83C0D91118D5EA2E0052E3B3 /* AppDelegate.m */,
				83C0D90918D5EA2E0052E3B3 /* Intentions-Info.plist */,
				83C0D90A18D5EA2E0052E3B3 /* InfoPlist.strings */,
				83C0D90D18D5EA2E0052E3B3 /* main.m */,
				83C0D90F18D5EA2E0052E3B3 /* Intentions-Prefix.pch */,
			);
			name = "Supporting Files";
			sourceTree = "<group>";
		};
		83C0D92618D5EA2E0052E3B3 /* IntentionsTests */ = {
			isa = PBXGroup;
			children = (
				83C0D92C18D5EA2E0052E3B3 /* IntentionsTests.m */,
				83C0D92718D5EA2E0052E3B3 /* Supporting Files */,
			);
			path = IntentionsTests;
			sourceTree = "<group>";
		};
		83C0D92718D5EA2E0052E3B3 /* Supporting Files */ = {
			isa = PBXGroup;
			children = (
				83C0D92818D5EA2E0052E3B3 /* IntentionsTests-Info.plist */,
				83C0D92918D5EA2E0052E3B3 /* InfoPlist.strings */,
			);
			name = "Supporting Files";
			sourceTree = "<group>";
		};
		AF57940919DD54C800299E1A /* Model */ = {
			isa = PBXGroup;
			children = (
				AF57940A19DD54C800299E1A /* Person.h */,
				AF57940B19DD54C800299E1A /* Person.m */,
			);
			path = Model;
			sourceTree = "<group>";
		};
		AF57940D19DD54D500299E1A /* View */ = {
			isa = PBXGroup;
			children = (
				AF57941419DD54DE00299E1A /* Main.storyboard */,
				AF57940E19DD54D500299E1A /* LoginViewController.h */,
				AF57940F19DD54D500299E1A /* LoginViewController.m */,
				AF57941019DD54D500299E1A /* ViewController.h */,
				AF57941119DD54D500299E1A /* ViewController.m */,
			);
			path = View;
			sourceTree = "<group>";
		};
		AF57941719DD54EA00299E1A /* ViewModel */ = {
			isa = PBXGroup;
			children = (
				AF57941819DD54EA00299E1A /* AbstractViewModel.h */,
				AF57941919DD54EA00299E1A /* AbstractViewModel.m */,
				AF57941A19DD54EA00299E1A /* ModelContainer.h */,
				AF57941B19DD54EA00299E1A /* ModelContainer.m */,
				AF57941C19DD54EA00299E1A /* PersonViewModel.h */,
				AF57941D19DD54EA00299E1A /* PersonViewModel.m */,
			);
			path = ViewModel;
			sourceTree = "<group>";
		};
		AF57942119DD54F600299E1A /* Intention */ = {
			isa = PBXGroup;
			children = (
				AF57942219DD54F600299E1A /* DismissOnEnterIntention.h */,
				AF57942319DD54F600299E1A /* DismissOnEnterIntention.m */,
				AF57942419DD54F600299E1A /* LoginIntention.h */,
				AF57942519DD54F600299E1A /* LoginIntention.m */,
				AF57942619DD54F600299E1A /* MultiplexerProxyBehaviour.h */,
				AF57942719DD54F600299E1A /* MultiplexerProxyBehaviour.m */,
				AF57942819DD54F600299E1A /* ObserveIntention.h */,
				AF57942919DD54F600299E1A /* ObserveIntention.m */,
				AF57942A19DD54F600299E1A /* ReverseIntention.h */,
				AF57942B19DD54F600299E1A /* ReverseIntention.m */,
				AF57942C19DD54F600299E1A /* UITextFieldTextObserveIntention.h */,
				AF57942D19DD54F600299E1A /* UITextFieldTextObserveIntention.m */,
				AF57942E19DD54F600299E1A /* UppercaseIntention.h */,
				AF57942F19DD54F600299E1A /* UppercaseIntention.m */,
			);
			path = Intention;
			sourceTree = "<group>";
		};
		AF57943719DD550000299E1A /* Helper */ = {
			isa = PBXGroup;
			children = (
				AF57943819DD550000299E1A /* NSString+Reverse.h */,
				AF57943919DD550000299E1A /* NSString+Reverse.m */,
			);
			path = Helper;
			sourceTree = "<group>";
		};
/* End PBXGroup section */

/* Begin PBXNativeTarget section */
		83C0D8FD18D5EA2E0052E3B3 /* Intentions */ = {
			isa = PBXNativeTarget;
			buildConfigurationList = 83C0D93018D5EA2E0052E3B3 /* Build configuration list for PBXNativeTarget "Intentions" */;
			buildPhases = (
				83C0D8FA18D5EA2E0052E3B3 /* Sources */,
				83C0D8FB18D5EA2E0052E3B3 /* Frameworks */,
				83C0D8FC18D5EA2E0052E3B3 /* Resources */,
			);
			buildRules = (
			);
			dependencies = (
			);
			name = Intentions;
			productName = Intentions;
			productReference = 83C0D8FE18D5EA2E0052E3B3 /* Intentions.app */;
			productType = "com.apple.product-type.application";
		};
		83C0D91E18D5EA2E0052E3B3 /* IntentionsTests */ = {
			isa = PBXNativeTarget;
			buildConfigurationList = 83C0D93318D5EA2E0052E3B3 /* Build configuration list for PBXNativeTarget "IntentionsTests" */;
			buildPhases = (
				83C0D91B18D5EA2E0052E3B3 /* Sources */,
				83C0D91C18D5EA2E0052E3B3 /* Frameworks */,
				83C0D91D18D5EA2E0052E3B3 /* Resources */,
			);
			buildRules = (
			);
			dependencies = (
				83C0D92518D5EA2E0052E3B3 /* PBXTargetDependency */,
			);
			name = IntentionsTests;
			productName = IntentionsTests;
			productReference = 83C0D91F18D5EA2E0052E3B3 /* IntentionsTests.xctest */;
			productType = "com.apple.product-type.bundle.unit-test";
		};
/* End PBXNativeTarget section */

/* Begin PBXProject section */
		83C0D8F618D5EA2E0052E3B3 /* Project object */ = {
			isa = PBXProject;
			attributes = {
				LastUpgradeCheck = 0510;
				ORGANIZATIONNAME = "Krzysztof Profic";
				TargetAttributes = {
					83C0D91E18D5EA2E0052E3B3 = {
						TestTargetID = 83C0D8FD18D5EA2E0052E3B3;
					};
				};
			};
			buildConfigurationList = 83C0D8F918D5EA2E0052E3B3 /* Build configuration list for PBXProject "Intentions" */;
			compatibilityVersion = "Xcode 3.2";
			developmentRegion = English;
			hasScannedForEncodings = 0;
			knownRegions = (
				en,
				Base,
			);
			mainGroup = 83C0D8F518D5EA2E0052E3B3;
			productRefGroup = 83C0D8FF18D5EA2E0052E3B3 /* Products */;
			projectDirPath = "";
			projectRoot = "";
			targets = (
				83C0D8FD18D5EA2E0052E3B3 /* Intentions */,
				83C0D91E18D5EA2E0052E3B3 /* IntentionsTests */,
			);
		};
/* End PBXProject section */

/* Begin PBXResourcesBuildPhase section */
		83C0D8FC18D5EA2E0052E3B3 /* Resources */ = {
			isa = PBXResourcesBuildPhase;
			buildActionMask = 2147483647;
			files = (
				AF57941619DD54DE00299E1A /* Main.storyboard in Resources */,
				83C0D91A18D5EA2E0052E3B3 /* Images.xcassets in Resources */,
				83C0D90C18D5EA2E0052E3B3 /* InfoPlist.strings in Resources */,
			);
			runOnlyForDeploymentPostprocessing = 0;
		};
		83C0D91D18D5EA2E0052E3B3 /* Resources */ = {
			isa = PBXResourcesBuildPhase;
			buildActionMask = 2147483647;
			files = (
				83C0D92B18D5EA2E0052E3B3 /* InfoPlist.strings in Resources */,
			);
			runOnlyForDeploymentPostprocessing = 0;
		};
/* End PBXResourcesBuildPhase section */

/* Begin PBXSourcesBuildPhase section */
		83C0D8FA18D5EA2E0052E3B3 /* Sources */ = {
			isa = PBXSourcesBuildPhase;
			buildActionMask = 2147483647;
			files = (
				AF57941F19DD54EA00299E1A /* ModelContainer.m in Sources */,
				AF57943419DD54F600299E1A /* ReverseIntention.m in Sources */,
				AF57943019DD54F600299E1A /* DismissOnEnterIntention.m in Sources */,
				AF57941E19DD54EA00299E1A /* AbstractViewModel.m in Sources */,
				AF57943219DD54F600299E1A /* MultiplexerProxyBehaviour.m in Sources */,
				AF57940C19DD54C800299E1A /* Person.m in Sources */,
				83C0D91218D5EA2E0052E3B3 /* AppDelegate.m in Sources */,
				AF57943319DD54F600299E1A /* ObserveIntention.m in Sources */,
				AF57941319DD54D500299E1A /* ViewController.m in Sources */,
				83C0D90E18D5EA2E0052E3B3 /* main.m in Sources */,
				AF57943119DD54F600299E1A /* LoginIntention.m in Sources */,
				AF57941219DD54D500299E1A /* LoginViewController.m in Sources */,
				AF57943A19DD550000299E1A /* NSString+Reverse.m in Sources */,
				AF57942019DD54EA00299E1A /* PersonViewModel.m in Sources */,
				AF57943519DD54F600299E1A /* UITextFieldTextObserveIntention.m in Sources */,
				AF57943619DD54F600299E1A /* UppercaseIntention.m in Sources */,
			);
			runOnlyForDeploymentPostprocessing = 0;
		};
		83C0D91B18D5EA2E0052E3B3 /* Sources */ = {
			isa = PBXSourcesBuildPhase;
			buildActionMask = 2147483647;
			files = (
				83C0D92D18D5EA2E0052E3B3 /* IntentionsTests.m in Sources */,
			);
			runOnlyForDeploymentPostprocessing = 0;
		};
/* End PBXSourcesBuildPhase section */

/* Begin PBXTargetDependency section */
		83C0D92518D5EA2E0052E3B3 /* PBXTargetDependency */ = {
			isa = PBXTargetDependency;
			target = 83C0D8FD18D5EA2E0052E3B3 /* Intentions */;
			targetProxy = 83C0D92418D5EA2E0052E3B3 /* PBXContainerItemProxy */;
		};
/* End PBXTargetDependency section */

/* Begin PBXVariantGroup section */
		83C0D90A18D5EA2E0052E3B3 /* InfoPlist.strings */ = {
			isa = PBXVariantGroup;
			children = (
				83C0D90B18D5EA2E0052E3B3 /* en */,
			);
			name = InfoPlist.strings;
			sourceTree = "<group>";
		};
		83C0D92918D5EA2E0052E3B3 /* InfoPlist.strings */ = {
			isa = PBXVariantGroup;
			children = (
				83C0D92A18D5EA2E0052E3B3 /* en */,
			);
			name = InfoPlist.strings;
			sourceTree = "<group>";
		};
		AF57941419DD54DE00299E1A /* Main.storyboard */ = {
			isa = PBXVariantGroup;
			children = (
				AF57941519DD54DE00299E1A /* Base */,
			);
			name = Main.storyboard;
			sourceTree = "<group>";
		};
/* End PBXVariantGroup section */

/* Begin XCBuildConfiguration section */
		83C0D92E18D5EA2E0052E3B3 /* Debug */ = {
			isa = XCBuildConfiguration;
			buildSettings = {
				ALWAYS_SEARCH_USER_PATHS = NO;
				CLANG_CXX_LANGUAGE_STANDARD = "gnu++0x";
				CLANG_CXX_LIBRARY = "libc++";
				CLANG_ENABLE_MODULES = YES;
				CLANG_ENABLE_OBJC_ARC = YES;
				CLANG_WARN_BOOL_CONVERSION = YES;
				CLANG_WARN_CONSTANT_CONVERSION = YES;
				CLANG_WARN_DIRECT_OBJC_ISA_USAGE = YES_ERROR;
				CLANG_WARN_EMPTY_BODY = YES;
				CLANG_WARN_ENUM_CONVERSION = YES;
				CLANG_WARN_INT_CONVERSION = YES;
				CLANG_WARN_OBJC_ROOT_CLASS = YES_ERROR;
				CLANG_WARN__DUPLICATE_METHOD_MATCH = YES;
				"CODE_SIGN_IDENTITY[sdk=iphoneos*]" = "iPhone Developer";
				COPY_PHASE_STRIP = NO;
				GCC_C_LANGUAGE_STANDARD = gnu99;
				GCC_DYNAMIC_NO_PIC = NO;
				GCC_OPTIMIZATION_LEVEL = 0;
				GCC_PREPROCESSOR_DEFINITIONS = (
					"DEBUG=1",
					"$(inherited)",
				);
				GCC_SYMBOLS_PRIVATE_EXTERN = NO;
				GCC_WARN_64_TO_32_BIT_CONVERSION = YES;
				GCC_WARN_ABOUT_RETURN_TYPE = YES_ERROR;
				GCC_WARN_UNDECLARED_SELECTOR = YES;
				GCC_WARN_UNINITIALIZED_AUTOS = YES_AGGRESSIVE;
				GCC_WARN_UNUSED_FUNCTION = YES;
				GCC_WARN_UNUSED_VARIABLE = YES;
				IPHONEOS_DEPLOYMENT_TARGET = 7.1;
				ONLY_ACTIVE_ARCH = YES;
				SDKROOT = iphoneos;
			};
			name = Debug;
		};
		83C0D92F18D5EA2E0052E3B3 /* Release */ = {
			isa = XCBuildConfiguration;
			buildSettings = {
				ALWAYS_SEARCH_USER_PATHS = NO;
				CLANG_CXX_LANGUAGE_STANDARD = "gnu++0x";
				CLANG_CXX_LIBRARY = "libc++";
				CLANG_ENABLE_MODULES = YES;
				CLANG_ENABLE_OBJC_ARC = YES;
				CLANG_WARN_BOOL_CONVERSION = YES;
				CLANG_WARN_CONSTANT_CONVERSION = YES;
				CLANG_WARN_DIRECT_OBJC_ISA_USAGE = YES_ERROR;
				CLANG_WARN_EMPTY_BODY = YES;
				CLANG_WARN_ENUM_CONVERSION = YES;
				CLANG_WARN_INT_CONVERSION = YES;
				CLANG_WARN_OBJC_ROOT_CLASS = YES_ERROR;
				CLANG_WARN__DUPLICATE_METHOD_MATCH = YES;
				"CODE_SIGN_IDENTITY[sdk=iphoneos*]" = "iPhone Developer";
				COPY_PHASE_STRIP = YES;
				ENABLE_NS_ASSERTIONS = NO;
				GCC_C_LANGUAGE_STANDARD = gnu99;
				GCC_WARN_64_TO_32_BIT_CONVERSION = YES;
				GCC_WARN_ABOUT_RETURN_TYPE = YES_ERROR;
				GCC_WARN_UNDECLARED_SELECTOR = YES;
				GCC_WARN_UNINITIALIZED_AUTOS = YES_AGGRESSIVE;
				GCC_WARN_UNUSED_FUNCTION = YES;
				GCC_WARN_UNUSED_VARIABLE = YES;
				IPHONEOS_DEPLOYMENT_TARGET = 7.1;
				SDKROOT = iphoneos;
				VALIDATE_PRODUCT = YES;
			};
			name = Release;
		};
		83C0D93118D5EA2E0052E3B3 /* Debug */ = {
			isa = XCBuildConfiguration;
			buildSettings = {
				ASSETCATALOG_COMPILER_APPICON_NAME = AppIcon;
				ASSETCATALOG_COMPILER_LAUNCHIMAGE_NAME = LaunchImage;
				GCC_PRECOMPILE_PREFIX_HEADER = YES;
				GCC_PREFIX_HEADER = "Intentions/Intentions-Prefix.pch";
				INFOPLIST_FILE = "Intentions/Intentions-Info.plist";
				PRODUCT_NAME = "$(TARGET_NAME)";
				WRAPPER_EXTENSION = app;
			};
			name = Debug;
		};
		83C0D93218D5EA2E0052E3B3 /* Release */ = {
			isa = XCBuildConfiguration;
			buildSettings = {
				ASSETCATALOG_COMPILER_APPICON_NAME = AppIcon;
				ASSETCATALOG_COMPILER_LAUNCHIMAGE_NAME = LaunchImage;
				GCC_PRECOMPILE_PREFIX_HEADER = YES;
				GCC_PREFIX_HEADER = "Intentions/Intentions-Prefix.pch";
				INFOPLIST_FILE = "Intentions/Intentions-Info.plist";
				PRODUCT_NAME = "$(TARGET_NAME)";
				WRAPPER_EXTENSION = app;
			};
			name = Release;
		};
		83C0D93418D5EA2E0052E3B3 /* Debug */ = {
			isa = XCBuildConfiguration;
			buildSettings = {
				BUNDLE_LOADER = "$(BUILT_PRODUCTS_DIR)/Intentions.app/Intentions";
				FRAMEWORK_SEARCH_PATHS = (
					"$(SDKROOT)/Developer/Library/Frameworks",
					"$(inherited)",
					"$(DEVELOPER_FRAMEWORKS_DIR)",
				);
				GCC_PRECOMPILE_PREFIX_HEADER = YES;
				GCC_PREFIX_HEADER = "Intentions/Intentions-Prefix.pch";
				GCC_PREPROCESSOR_DEFINITIONS = (
					"DEBUG=1",
					"$(inherited)",
				);
				INFOPLIST_FILE = "IntentionsTests/IntentionsTests-Info.plist";
				PRODUCT_NAME = "$(TARGET_NAME)";
				TEST_HOST = "$(BUNDLE_LOADER)";
				WRAPPER_EXTENSION = xctest;
			};
			name = Debug;
		};
		83C0D93518D5EA2E0052E3B3 /* Release */ = {
			isa = XCBuildConfiguration;
			buildSettings = {
				BUNDLE_LOADER = "$(BUILT_PRODUCTS_DIR)/Intentions.app/Intentions";
				FRAMEWORK_SEARCH_PATHS = (
					"$(SDKROOT)/Developer/Library/Frameworks",
					"$(inherited)",
					"$(DEVELOPER_FRAMEWORKS_DIR)",
				);
				GCC_PRECOMPILE_PREFIX_HEADER = YES;
				GCC_PREFIX_HEADER = "Intentions/Intentions-Prefix.pch";
				INFOPLIST_FILE = "IntentionsTests/IntentionsTests-Info.plist";
				PRODUCT_NAME = "$(TARGET_NAME)";
				TEST_HOST = "$(BUNDLE_LOADER)";
				WRAPPER_EXTENSION = xctest;
			};
			name = Release;
		};
/* End XCBuildConfiguration section */

/* Begin XCConfigurationList section */
		83C0D8F918D5EA2E0052E3B3 /* Build configuration list for PBXProject "Intentions" */ = {
			isa = XCConfigurationList;
			buildConfigurations = (
				83C0D92E18D5EA2E0052E3B3 /* Debug */,
				83C0D92F18D5EA2E0052E3B3 /* Release */,
			);
			defaultConfigurationIsVisible = 0;
			defaultConfigurationName = Release;
		};
		83C0D93018D5EA2E0052E3B3 /* Build configuration list for PBXNativeTarget "Intentions" */ = {
			isa = XCConfigurationList;
			buildConfigurations = (
				83C0D93118D5EA2E0052E3B3 /* Debug */,
				83C0D93218D5EA2E0052E3B3 /* Release */,
			);
			defaultConfigurationIsVisible = 0;
			defaultConfigurationName = Release;
		};
		83C0D93318D5EA2E0052E3B3 /* Build configuration list for PBXNativeTarget "IntentionsTests" */ = {
			isa = XCConfigurationList;
			buildConfigurations = (
				83C0D93418D5EA2E0052E3B3 /* Debug */,
				83C0D93518D5EA2E0052E3B3 /* Release */,
			);
			defaultConfigurationIsVisible = 0;
			defaultConfigurationName = Release;
		};
/* End XCConfigurationList section */
	};
	rootObject = 83C0D8F618D5EA2E0052E3B3 /* Project object */;
}
